PODS:
  - DCTAuth (3.0)
  - MobileCenter/Analytics (0.13.0):
    - MobileCenter/Core
  - MobileCenter/Core (0.13.0)
  - MobileCenter/Crashes (0.13.0):
    - MobileCenter/Core
  - RNMobileCenterShared (0.10.0):
    - MobileCenter/Core (~> 0.13.0)

DEPENDENCIES:
  - DCTAuth (from `https://github.com/danielctull/DCTAuth.git`)
  - MobileCenter/Analytics (~> 0.13.0)
  - MobileCenter/Crashes (~> 0.13.0)
  - RNMobileCenterShared (~> 0.10.0)

EXTERNAL SOURCES:
  DCTAuth:
    :git: https://github.com/danielctull/DCTAuth.git

CHECKOUT OPTIONS:
  DCTAuth:
    :commit: 0a8091a3fc165fb99a6f70cf15b3aed25252dad9
    :git: https://github.com/danielctull/DCTAuth.git

SPEC CHECKSUMS:
  DCTAuth: 8add154decd00335d62917828896bba790ce47fd
  MobileCenter: aba87f4957647dfbd0b5e71ecac1070892a0abbb
  RNMobileCenterShared: d36d0245f9eb9627e60cd20623502906f61a783f

PODFILE CHECKSUM: 5b7dc830c8d0387a40d4b58e4997e149d7228bb4

COCOAPODS: 1.4.0
